
Microsoft Visual Studio Solution File, Format Version 12.00
# Visual Studio Version 17
VisualStudioVersion = 17.2.32516.85
MinimumVisualStudioVersion = 10.0.40219.1
Project("{9A19103F-16F7-4668-BE54-9A1E7A4F7556}") = "01_CreationalPatterns", "01_CreationalPatterns\01_CreationalPatterns.csproj", "{05B18403-728B-4047-BAA7-5A21927BEA36}"
EndProject
Project("{9A19103F-16F7-4668-BE54-9A1E7A4F7556}") = "02_BehavioralPatterns", "02_BehavioralPatterns\02_BehavioralPatterns.csproj", "{1980F746-9F9B-4183-9AA1-A2B2085BD04B}"
EndProject
Project("{FAE04EC0-301F-11D3-BF4B-00C04F79EFBC}") = "03_StructuralPatterns", "03_StructuralPatterns\03_StructuralPatterns.csproj", "{DD00D271-171A-4771-80AE-E5495EDC891D}"
EndProject
Global
	GlobalSection(SolutionConfigurationPlatforms) = preSolution
		Debug|Any CPU = Debug|Any CPU
		Release|Any CPU = Release|Any CPU
	EndGlobalSection
	GlobalSection(ProjectConfigurationPlatforms) = postSolution
		{05B18403-728B-4047-BAA7-5A21927BEA36}.Debug|Any CPU.ActiveCfg = Debug|Any CPU
		{05B18403-728B-4047-BAA7-5A21927BEA36}.Debug|Any CPU.Build.0 = Debug|Any CPU
		{05B18403-728B-4047-BAA7-5A21927BEA36}.Release|Any CPU.ActiveCfg = Release|Any CPU
		{05B18403-728B-4047-BAA7-5A21927BEA36}.Release|Any CPU.Build.0 = Release|Any CPU
		{1980F746-9F9B-4183-9AA1-A2B2085BD04B}.Debug|Any CPU.ActiveCfg = Debug|Any CPU
		{1980F746-9F9B-4183-9AA1-A2B2085BD04B}.Debug|Any CPU.Build.0 = Debug|Any CPU
		{1980F746-9F9B-4183-9AA1-A2B2085BD04B}.Release|Any CPU.ActiveCfg = Release|Any CPU
		{1980F746-9F9B-4183-9AA1-A2B2085BD04B}.Release|Any CPU.Build.0 = Release|Any CPU
		{DD00D271-171A-4771-80AE-E5495EDC891D}.Debug|Any CPU.ActiveCfg = Debug|Any CPU
		{DD00D271-171A-4771-80AE-E5495EDC891D}.Debug|Any CPU.Build.0 = Debug|Any CPU
		{DD00D271-171A-4771-80AE-E5495EDC891D}.Release|Any CPU.ActiveCfg = Release|Any CPU
		{DD00D271-171A-4771-80AE-E5495EDC891D}.Release|Any CPU.Build.0 = Release|Any CPU
	EndGlobalSection
	GlobalSection(SolutionProperties) = preSolution
		HideSolutionNode = FALSE
	EndGlobalSection
	GlobalSection(ExtensibilityGlobals) = postSolution
		SolutionGuid = {D262B474-6638-468F-AB2A-54C5E04FBE08}
	EndGlobalSection
EndGlobal
